
Microsoft Visual Studio Solution File, Format Version 12.00
# Visual Studio Version 16
VisualStudioVersion = 16.0.33214.272
MinimumVisualStudioVersion = 10.0.40219.1
Project("{FAE04EC0-301F-11D3-BF4B-00C04F79EFBC}") = "SIEClinica", "SIEClinica\SIEClinica.csproj", "{DEAF7B3B-797E-49DF-BEC8-84DE00B45ACE}"
EndProject
Global
	GlobalSection(SolutionConfigurationPlatforms) = preSolution
		Debug|Any CPU = Debug|Any CPU
		Release|Any CPU = Release|Any CPU
	EndGlobalSection
	GlobalSection(ProjectConfigurationPlatforms) = postSolution
		{DEAF7B3B-797E-49DF-BEC8-84DE00B45ACE}.Debug|Any CPU.ActiveCfg = Debug|Any CPU
		{DEAF7B3B-797E-49DF-BEC8-84DE00B45ACE}.Debug|Any CPU.Build.0 = Debug|Any CPU
		{DEAF7B3B-797E-49DF-BEC8-84DE00B45ACE}.Release|Any CPU.ActiveCfg = Release|Any CPU
		{DEAF7B3B-797E-49DF-BEC8-84DE00B45ACE}.Release|Any CPU.Build.0 = Release|Any CPU
	EndGlobalSection
	GlobalSection(SolutionProperties) = preSolution
		HideSolutionNode = FALSE
	EndGlobalSection
	GlobalSection(ExtensibilityGlobals) = postSolution
		SolutionGuid = {6BD62BBB-8D55-47E8-B9C0-F84AF2138E29}
	EndGlobalSection
EndGlobal
